
Microsoft Visual Studio Solution File, Format Version 12.00
# Visual Studio Version 17
VisualStudioVersion = 17.5.33516.290
MinimumVisualStudioVersion = 10.0.40219.1
Project("{9A19103F-16F7-4668-BE54-9A1E7A4F7556}") = "KaniniTourism", "KaniniTourism\KaniniTourism.csproj", "{70B5EC4A-2446-4270-ACDA-9DD62D9A94C5}"
EndProject
Project("{FAE04EC0-301F-11D3-BF4B-00C04F79EFBC}") = "NUnitTesting", "NUnitTesting\NUnitTesting.csproj", "{D9F9F773-860F-4920-9761-7253D9DB428F}"
EndProject
Global
	GlobalSection(SolutionConfigurationPlatforms) = preSolution
		Debug|Any CPU = Debug|Any CPU
		Release|Any CPU = Release|Any CPU
	EndGlobalSection
	GlobalSection(ProjectConfigurationPlatforms) = postSolution
		{70B5EC4A-2446-4270-ACDA-9DD62D9A94C5}.Debug|Any CPU.ActiveCfg = Debug|Any CPU
		{70B5EC4A-2446-4270-ACDA-9DD62D9A94C5}.Debug|Any CPU.Build.0 = Debug|Any CPU
		{70B5EC4A-2446-4270-ACDA-9DD62D9A94C5}.Release|Any CPU.ActiveCfg = Release|Any CPU
		{70B5EC4A-2446-4270-ACDA-9DD62D9A94C5}.Release|Any CPU.Build.0 = Release|Any CPU
		{D9F9F773-860F-4920-9761-7253D9DB428F}.Debug|Any CPU.ActiveCfg = Debug|Any CPU
		{D9F9F773-860F-4920-9761-7253D9DB428F}.Debug|Any CPU.Build.0 = Debug|Any CPU
		{D9F9F773-860F-4920-9761-7253D9DB428F}.Release|Any CPU.ActiveCfg = Release|Any CPU
		{D9F9F773-860F-4920-9761-7253D9DB428F}.Release|Any CPU.Build.0 = Release|Any CPU
	EndGlobalSection
	GlobalSection(SolutionProperties) = preSolution
		HideSolutionNode = FALSE
	EndGlobalSection
	GlobalSection(ExtensibilityGlobals) = postSolution
		SolutionGuid = {BE3A197D-DA0F-4E06-91A3-1F2A50020D1C}
	EndGlobalSection
EndGlobal
